{
  "name": "hawk.js",
  "version": "1.1.0",
  "lockfileVersion": 2,
  "requires": true,
  "packages": {
    "": {
      "name": "hawk.js",
      "version": "1.1.0",
      "license": "ISC",
      "dependencies": {
        "@hawkdotjs/typings": "^1.4.0"
      }
    },
    "node_modules/@hawkdotjs/typings": {
      "version": "1.4.0",
      "resolved": "https://registry.npmjs.org/@hawkdotjs/typings/-/typings-1.4.0.tgz",
      "integrity": "sha512-VykfRfOylc9OKtSX5JyXUvszs3ByEh0iFlnOI9SMmLYmVIZLEpH+Ne/hed6mTaRY8deO3JhiDi3elAoAux6KRg=="
    }
  },
  "dependencies": {
    "@hawkdotjs/typings": {
      "version": "1.4.0",
      "resolved": "https://registry.npmjs.org/@hawkdotjs/typings/-/typings-1.4.0.tgz",
      "integrity": "sha512-VykfRfOylc9OKtSX5JyXUvszs3ByEh0iFlnOI9SMmLYmVIZLEpH+Ne/hed6mTaRY8deO3JhiDi3elAoAux6KRg=="
    }
  }
}
